<?xml version="1.0" encoding="UTF-8"?>
<Scheme
   LastUpgradeVersion = "1640"
   version = "1.7">
   <BuildAction
      parallelizeBuildables = "YES"
      buildImplicitDependencies = "YES"
      buildArchitectures = "Automatic">
      <BuildActionEntries>
         <BuildActionEntry
            buildForTesting = "YES"
            buildForRunning = "YES"
            buildForProfiling = "YES"
            buildForArchiving = "YES"
            buildForAnalyzing = "YES">
            <BuildableReference
               BuildableIdentifier = "primary"
               BlueprintIdentifier = "668E98972DFAF77500EB9CD8"
               BuildableName = "ExpenseTracker.app"
               BlueprintName = "ExpenseTracker"
               ReferencedContainer = "container:ExpenseTracker.xcodeproj">
            </BuildableReference>
         </BuildActionEntry>
      </BuildActionEntries>
   </BuildAction>
   <TestAction
      buildConfiguration = "DebugDev"
      selectedDebuggerIdentifier = "Xcode.DebuggerFoundation.Debugger.LLDB"
      selectedLauncherIdentifier = "Xcode.DebuggerFoundation.Launcher.LLDB"
      shouldUseLaunchSchemeArgsEnv = "YES"
      shouldAutocreateTestPlan = "YES">
      <Testables>
         <TestableReference
            skipped = "NO"
            parallelizable = "YES">
            <BuildableReference
               BuildableIdentifier = "primary"
               BlueprintIdentifier = "6677F8712E09C2ED002BAB4E"
               BuildableName = "ExpenseTrackerTests.xctest"
               BlueprintName = "ExpenseTrackerTests"
               ReferencedContainer = "container:ExpenseTracker.xcodeproj">
            </BuildableReference>
         </TestableReference>
         <TestableReference
            skipped = "NO"
            parallelizable = "YES">
            <BuildableReference
               BuildableIdentifier = "primary"
               BlueprintIdentifier = "669990212E09CC3C00F09BD6"
               BuildableName = "ExpenseTrackerUITests.xctest"
               BlueprintName = "ExpenseTrackerUITests"
               ReferencedContainer = "container:ExpenseTracker.xcodeproj">
            </BuildableReference>
         </TestableReference>
      </Testables>
   </TestAction>
   <LaunchAction
      buildConfiguration = "DebugDev"
      selectedDebuggerIdentifier = "Xcode.DebuggerFoundation.Debugger.LLDB"
      selectedLauncherIdentifier = "Xcode.DebuggerFoundation.Launcher.LLDB"
      launchStyle = "0"
      useCustomWorkingDirectory = "NO"
      ignoresPersistentStateOnLaunch = "NO"
      debugDocumentVersioning = "YES"
      debugServiceExtension = "internal"
      allowLocationSimulation = "YES">
      <BuildableProductRunnable
         runnableDebuggingMode = "0">
         <BuildableReference
            BuildableIdentifier = "primary"
            BlueprintIdentifier = "668E98972DFAF77500EB9CD8"
            BuildableName = "ExpenseTracker.app"
            BlueprintName = "ExpenseTracker"
            ReferencedContainer = "container:ExpenseTracker.xcodeproj">
         </BuildableReference>
      </BuildableProductRunnable>
   </LaunchAction>
   <ProfileAction
      buildConfiguration = "DebugDev"
      shouldUseLaunchSchemeArgsEnv = "YES"
      savedToolIdentifier = ""
      useCustomWorkingDirectory = "NO"
      debugDocumentVersioning = "YES">
      <BuildableProductRunnable
         runnableDebuggingMode = "0">
         <BuildableReference
            BuildableIdentifier = "primary"
            BlueprintIdentifier = "668E98972DFAF77500EB9CD8"
            BuildableName = "ExpenseTracker.app"
            BlueprintName = "ExpenseTracker"
            ReferencedContainer = "container:ExpenseTracker.xcodeproj">
         </BuildableReference>
      </BuildableProductRunnable>
   </ProfileAction>
   <AnalyzeAction
      buildConfiguration = "DebugDev">
   </AnalyzeAction>
   <ArchiveAction
      buildConfiguration = "ReleaseDev"
      revealArchiveInOrganizer = "YES">
   </ArchiveAction>
</Scheme>
